// !$*UTF8*$!
{
	archiveVersion = 1;
	classes = {
	};
	objectVersion = 51;
	objects = {

/* Begin PBXBuildFile section */
		11E6B03623D9D00100C48FBD /* AppDelegate.swift in Sources */ = {isa = PBXBuildFile; fileRef = 11E6B03523D9D00100C48FBD /* AppDelegate.swift */; };
		11E6B03823D9D00100C48FBD /* SceneDelegate.swift in Sources */ = {isa = PBXBuildFile; fileRef = 11E6B03723D9D00100C48FBD /* SceneDelegate.swift */; };
		11E6B03A23D9D00100C48FBD /* ViewController.swift in Sources */ = {isa = PBXBuildFile; fileRef = 11E6B03923D9D00100C48FBD /* ViewController.swift */; };
		11E6B03D23D9D00100C48FBD /* Main.storyboard in Resources */ = {isa = PBXBuildFile; fileRef = 11E6B03B23D9D00100C48FBD /* Main.storyboard */; };
		11E6B03F23D9D00300C48FBD /* Assets.xcassets in Resources */ = {isa = PBXBuildFile; fileRef = 11E6B03E23D9D00300C48FBD /* Assets.xcassets */; };
		11E6B04223D9D00300C48FBD /* LaunchScreen.storyboard in Resources */ = {isa = PBXBuildFile; fileRef = 11E6B04023D9D00300C48FBD /* LaunchScreen.storyboard */; };
		11E6B04D23D9D52700C48FBD /* CameraViewController.swift in Sources */ = {isa = PBXBuildFile; fileRef = 11E6B04C23D9D52700C48FBD /* CameraViewController.swift */; };
		C92B68A11BBD70F060098FA9 /* Pods_CameraApp.framework in Frameworks */ = {isa = PBXBuildFile; fileRef = 2E1A2BC59E714137EA704E31 /* Pods_CameraApp.framework */; };
/* End PBXBuildFile section */

/* Begin PBXFileReference section */
		11E6B03223D9D00100C48FBD /* CameraApp.app */ = {isa = PBXFileReference; explicitFileType = wrapper.application; includeInIndex = 0; path = CameraApp.app; sourceTree = BUILT_PRODUCTS_DIR; };
		11E6B03523D9D00100C48FBD /* AppDelegate.swift */ = {isa = PBXFileReference; lastKnownFileType = sourcecode.swift; path = AppDelegate.swift; sourceTree = "<group>"; };
		11E6B03723D9D00100C48FBD /* SceneDelegate.swift */ = {isa = PBXFileReference; lastKnownFileType = sourcecode.swift; path = SceneDelegate.swift; sourceTree = "<group>"; };
		11E6B03923D9D00100C48FBD /* ViewController.swift */ = {isa = PBXFileReference; lastKnownFileType = sourcecode.swift; path = ViewController.swift; sourceTree = "<group>"; };
		11E6B03C23D9D00100C48FBD /* Base */ = {isa = PBXFileReference; lastKnownFileType = file.storyboard; name = Base; path = Base.lproj/Main.storyboard; sourceTree = "<group>"; };
		11E6B03E23D9D00300C48FBD /* Assets.xcassets */ = {isa = PBXFileReference; lastKnownFileType = folder.assetcatalog; path = Assets.xcassets; sourceTree = "<group>"; };
		11E6B04123D9D00300C48FBD /* Base */ = {isa = PBXFileReference; lastKnownFileType = file.storyboard; name = Base; path = Base.lproj/LaunchScreen.storyboard; sourceTree = "<group>"; };
		11E6B04323D9D00300C48FBD /* Info.plist */ = {isa = PBXFileReference; lastKnownFileType = text.plist.xml; path = Info.plist; sourceTree = "<group>"; };
		11E6B04B23D9D4AB00C48FBD /* CameraStoryboard.storyboard */ = {isa = PBXFileReference; lastKnownFileType = file.storyboard; path = CameraStoryboard.storyboard; sourceTree = "<group>"; };
		11E6B04C23D9D52700C48FBD /* CameraViewController.swift */ = {isa = PBXFileReference; lastKnownFileType = sourcecode.swift; path = CameraViewController.swift; sourceTree = "<group>"; };
		2E1A2BC59E714137EA704E31 /* Pods_CameraApp.framework */ = {isa = PBXFileReference; explicitFileType = wrapper.framework; includeInIndex = 0; path = Pods_CameraApp.framework; sourceTree = BUILT_PRODUCTS_DIR; };
		36D6A8BD251FEE6AB96959E6 /* Pods-CameraApp.release.xcconfig */ = {isa = PBXFileReference; includeInIndex = 1; lastKnownFileType = text.xcconfig; name = "Pods-CameraApp.release.xcconfig"; path = "Target Support Files/Pods-CameraApp/Pods-CameraApp.release.xcconfig"; sourceTree = "<group>"; };
		74C832AE4C47CE5E190669EA /* Pods-CameraApp.debug.xcconfig */ = {isa = PBXFileReference; includeInIndex = 1; lastKnownFileType = text.xcconfig; name = "Pods-CameraApp.debug.xcconfig"; path = "Target Support Files/Pods-CameraApp/Pods-CameraApp.debug.xcconfig"; sourceTree = "<group>"; };
/* End PBXFileReference section */

/* Begin PBXFrameworksBuildPhase section */
		11E6B02F23D9D00100C48FBD /* Frameworks */ = {
			isa = PBXFrameworksBuildPhase;
			buildActionMask = 2147483647;
			files = (
				C92B68A11BBD70F060098FA9 /* Pods_CameraApp.framework in Frameworks */,
			);
			runOnlyForDeploymentPostprocessing = 0;
		};
/* End PBXFrameworksBuildPhase section */

/* Begin PBXGroup section */
		11E6B02923D9D00100C48FBD = {
			isa = PBXGroup;
			children = (
				11E6B03423D9D00100C48FBD /* CameraApp */,
				11E6B03323D9D00100C48FBD /* Products */,
				20B3E1708B39A9C67C4EB1AD /* Pods */,
				AA28799DB0FCB5BC69EB91AA /* Frameworks */,
			);
			sourceTree = "<group>";
		};
		11E6B03323D9D00100C48FBD /* Products */ = {
			isa = PBXGroup;
			children = (
				11E6B03223D9D00100C48FBD /* CameraApp.app */,
			);
			name = Products;
			sourceTree = "<group>";
		};
		11E6B03423D9D00100C48FBD /* CameraApp */ = {
			isa = PBXGroup;
			children = (
				11E6B04B23D9D4AB00C48FBD /* CameraStoryboard.storyboard */,
				11E6B04C23D9D52700C48FBD /* CameraViewController.swift */,
				11E6B03523D9D00100C48FBD /* AppDelegate.swift */,
				11E6B03723D9D00100C48FBD /* SceneDelegate.swift */,
				11E6B03923D9D00100C48FBD /* ViewController.swift */,
				11E6B03B23D9D00100C48FBD /* Main.storyboard */,
				11E6B03E23D9D00300C48FBD /* Assets.xcassets */,
				11E6B04023D9D00300C48FBD /* LaunchScreen.storyboard */,
				11E6B04323D9D00300C48FBD /* Info.plist */,
			);
			path = CameraApp;
			sourceTree = "<group>";
		};
		20B3E1708B39A9C67C4EB1AD /* Pods */ = {
			isa = PBXGroup;
			children = (
				74C832AE4C47CE5E190669EA /* Pods-CameraApp.debug.xcconfig */,
				36D6A8BD251FEE6AB96959E6 /* Pods-CameraApp.release.xcconfig */,
			);
			path = Pods;
			sourceTree = "<group>";
		};
		AA28799DB0FCB5BC69EB91AA /* Frameworks */ = {
			isa = PBXGroup;
			children = (
				2E1A2BC59E714137EA704E31 /* Pods_CameraApp.framework */,
			);
			name = Frameworks;
			sourceTree = "<group>";
		};
/* End PBXGroup section */

/* Begin PBXNativeTarget section */
		11E6B03123D9D00100C48FBD /* CameraApp */ = {
			isa = PBXNativeTarget;
			buildConfigurationList = 11E6B04623D9D00300C48FBD /* Build configuration list for PBXNativeTarget "CameraApp" */;
			buildPhases = (
				DF4E031B2D148C6C95CDF3EC /* [CP] Check Pods Manifest.lock */,
				11E6B02E23D9D00100C48FBD /* Sources */,
				11E6B02F23D9D00100C48FBD /* Frameworks */,
				11E6B03023D9D00100C48FBD /* Resources */,
				B5A9D4D46A77DC2308FA19B4 /* [CP] Embed Pods Frameworks */,
			);
			buildRules = (
			);
			dependencies = (
			);
			name = CameraApp;
			productName = CameraApp;
			productReference = 11E6B03223D9D00100C48FBD /* CameraApp.app */;
			productType = "com.apple.product-type.application";
		};
/* End PBXNativeTarget section */

/* Begin PBXProject section */
		11E6B02A23D9D00100C48FBD /* Project object */ = {
			isa = PBXProject;
			attributes = {
				LastSwiftUpdateCheck = 1130;
				LastUpgradeCheck = 1130;
				ORGANIZATIONNAME = "yoshiki Tachi";
				TargetAttributes = {
					11E6B03123D9D00100C48FBD = {
						CreatedOnToolsVersion = 11.3.1;
					};
				};
			};
			buildConfigurationList = 11E6B02D23D9D00100C48FBD /* Build configuration list for PBXProject "CameraApp" */;
			compatibilityVersion = "Xcode 9.3";
			developmentRegion = en;
			hasScannedForEncodings = 0;
			knownRegions = (
				en,
				Base,
			);
			mainGroup = 11E6B02923D9D00100C48FBD;
			productRefGroup = 11E6B03323D9D00100C48FBD /* Products */;
			projectDirPath = "";
			projectRoot = "";
			targets = (
				11E6B03123D9D00100C48FBD /* CameraApp */,
			);
		};
/* End PBXProject section */

/* Begin PBXResourcesBuildPhase section */
		11E6B03023D9D00100C48FBD /* Resources */ = {
			isa = PBXResourcesBuildPhase;
			buildActionMask = 2147483647;
			files = (
				11E6B04223D9D00300C48FBD /* LaunchScreen.storyboard in Resources */,
				11E6B03F23D9D00300C48FBD /* Assets.xcassets in Resources */,
				11E6B03D23D9D00100C48FBD /* Main.storyboard in Resources */,
			);
			runOnlyForDeploymentPostprocessing = 0;
		};
/* End PBXResourcesBuildPhase section */

/* Begin PBXShellScriptBuildPhase section */
		B5A9D4D46A77DC2308FA19B4 /* [CP] Embed Pods Frameworks */ = {
			isa = PBXShellScriptBuildPhase;
			buildActionMask = 2147483647;
			files = (
			);
			inputFileListPaths = (
				"${PODS_ROOT}/Target Support Files/Pods-CameraApp/Pods-CameraApp-frameworks-${CONFIGURATION}-input-files.xcfilelist",
			);
			name = "[CP] Embed Pods Frameworks";
			outputFileListPaths = (
				"${PODS_ROOT}/Target Support Files/Pods-CameraApp/Pods-CameraApp-frameworks-${CONFIGURATION}-output-files.xcfilelist",
			);
			runOnlyForDeploymentPostprocessing = 0;
			shellPath = /bin/sh;
			shellScript = "\"${PODS_ROOT}/Target Support Files/Pods-CameraApp/Pods-CameraApp-frameworks.sh\"\n";
			showEnvVarsInLog = 0;
		};
		DF4E031B2D148C6C95CDF3EC /* [CP] Check Pods Manifest.lock */ = {
			isa = PBXShellScriptBuildPhase;
			buildActionMask = 2147483647;
			files = (
			);
			inputFileListPaths = (
			);
			inputPaths = (
				"${PODS_PODFILE_DIR_PATH}/Podfile.lock",
				"${PODS_ROOT}/Manifest.lock",
			);
			name = "[CP] Check Pods Manifest.lock";
			outputFileListPaths = (
			);
			outputPaths = (
				"$(DERIVED_FILE_DIR)/Pods-CameraApp-checkManifestLockResult.txt",
			);
			runOnlyForDeploymentPostprocessing = 0;
			shellPath = /bin/sh;
			shellScript = "diff \"${PODS_PODFILE_DIR_PATH}/Podfile.lock\" \"${PODS_ROOT}/Manifest.lock\" > /dev/null\nif [ $? != 0 ] ; then\n    # print error to STDERR\n    echo \"error: The sandbox is not in sync with the Podfile.lock. Run 'pod install' or update your CocoaPods installation.\" >&2\n    exit 1\nfi\n# This output is used by Xcode 'outputs' to avoid re-running this script phase.\necho \"SUCCESS\" > \"${SCRIPT_OUTPUT_FILE_0}\"\n";
			showEnvVarsInLog = 0;
		};
/* End PBXShellScriptBuildPhase section */

/* Begin PBXSourcesBuildPhase section */
		11E6B02E23D9D00100C48FBD /* Sources */ = {
			isa = PBXSourcesBuildPhase;
			buildActionMask = 2147483647;
			files = (
				11E6B03A23D9D00100C48FBD /* ViewController.swift in Sources */,
				11E6B04D23D9D52700C48FBD /* CameraViewController.swift in Sources */,
				11E6B03623D9D00100C48FBD /* AppDelegate.swift in Sources */,
				11E6B03823D9D00100C48FBD /* SceneDelegate.swift in Sources */,
			);
			runOnlyForDeploymentPostprocessing = 0;
		};
/* End PBXSourcesBuildPhase section */

/* Begin PBXVariantGroup section */
		11E6B03B23D9D00100C48FBD /* Main.storyboard */ = {
			isa = PBXVariantGroup;
			children = (
				11E6B03C23D9D00100C48FBD /* Base */,
			);
			name = Main.storyboard;
			sourceTree = "<group>";
		};
		11E6B04023D9D00300C48FBD /* LaunchScreen.storyboard */ = {
			isa = PBXVariantGroup;
			children = (
				11E6B04123D9D00300C48FBD /* Base */,
			);
			name = LaunchScreen.storyboard;
			sourceTree = "<group>";
		};
/* End PBXVariantGroup section */

/* Begin XCBuildConfiguration section */
		11E6B04423D9D00300C48FBD /* Debug */ = {
			isa = XCBuildConfiguration;
			buildSettings = {
				ALWAYS_SEARCH_USER_PATHS = NO;
				CLANG_ANALYZER_NONNULL = YES;
				CLANG_ANALYZER_NUMBER_OBJECT_CONVERSION = YES_AGGRESSIVE;
				CLANG_CXX_LANGUAGE_STANDARD = "gnu++14";
				CLANG_CXX_LIBRARY = "libc++";
				CLANG_ENABLE_MODULES = YES;
				CLANG_ENABLE_OBJC_ARC = YES;
				CLANG_ENABLE_OBJC_WEAK = YES;
				CLANG_WARN_BLOCK_CAPTURE_AUTORELEASING = YES;
				CLANG_WARN_BOOL_CONVERSION = YES;
				CLANG_WARN_COMMA = YES;
				CLANG_WARN_CONSTANT_CONVERSION = YES;
				CLANG_WARN_DEPRECATED_OBJC_IMPLEMENTATIONS = YES;
				CLANG_WARN_DIRECT_OBJC_ISA_USAGE = YES_ERROR;
				CLANG_WARN_DOCUMENTATION_COMMENTS = YES;
				CLANG_WARN_EMPTY_BODY = YES;
				CLANG_WARN_ENUM_CONVERSION = YES;
				CLANG_WARN_INFINITE_RECURSION = YES;
				CLANG_WARN_INT_CONVERSION = YES;
				CLANG_WARN_NON_LITERAL_NULL_CONVERSION = YES;
				CLANG_WARN_OBJC_IMPLICIT_RETAIN_SELF = YES;
				CLANG_WARN_OBJC_LITERAL_CONVERSION = YES;
				CLANG_WARN_OBJC_ROOT_CLASS = YES_ERROR;
				CLANG_WARN_RANGE_LOOP_ANALYSIS = YES;
				CLANG_WARN_STRICT_PROTOTYPES = YES;
				CLANG_WARN_SUSPICIOUS_MOVE = YES;
				CLANG_WARN_UNGUARDED_AVAILABILITY = YES_AGGRESSIVE;
				CLANG_WARN_UNREACHABLE_CODE = YES;
				CLANG_WARN__DUPLICATE_METHOD_MATCH = YES;
				COPY_PHASE_STRIP = NO;
				DEBUG_INFORMATION_FORMAT = dwarf;
				ENABLE_STRICT_OBJC_MSGSEND = YES;
				ENABLE_TESTABILITY = YES;
				GCC_C_LANGUAGE_STANDARD = gnu11;
				GCC_DYNAMIC_NO_PIC = NO;
				GCC_NO_COMMON_BLOCKS = YES;
				GCC_OPTIMIZATION_LEVEL = 0;
				GCC_PREPROCESSOR_DEFINITIONS = (
					"DEBUG=1",
					"$(inherited)",
				);
				GCC_WARN_64_TO_32_BIT_CONVERSION = YES;
				GCC_WARN_ABOUT_RETURN_TYPE = YES_ERROR;
				GCC_WARN_UNDECLARED_SELECTOR = YES;
				GCC_WARN_UNINITIALIZED_AUTOS = YES_AGGRESSIVE;
				GCC_WARN_UNUSED_FUNCTION = YES;
				GCC_WARN_UNUSED_VARIABLE = YES;
				IPHONEOS_DEPLOYMENT_TARGET = 13.2;
				MTL_ENABLE_DEBUG_INFO = INCLUDE_SOURCE;
				MTL_FAST_MATH = YES;
				ONLY_ACTIVE_ARCH = YES;
				SDKROOT = iphoneos;
				SWIFT_ACTIVE_COMPILATION_CONDITIONS = DEBUG;
				SWIFT_OPTIMIZATION_LEVEL = "-Onone";
			};
			name = Debug;
		};
		11E6B04523D9D00300C48FBD /* Release */ = {
			isa = XCBuildConfiguration;
			buildSettings = {
				ALWAYS_SEARCH_USER_PATHS = NO;
				CLANG_ANALYZER_NONNULL = YES;
				CLANG_ANALYZER_NUMBER_OBJECT_CONVERSION = YES_AGGRESSIVE;
				CLANG_CXX_LANGUAGE_STANDARD = "gnu++14";
				CLANG_CXX_LIBRARY = "libc++";
				CLANG_ENABLE_MODULES = YES;
				CLANG_ENABLE_OBJC_ARC = YES;
				CLANG_ENABLE_OBJC_WEAK = YES;
				CLANG_WARN_BLOCK_CAPTURE_AUTORELEASING = YES;
				CLANG_WARN_BOOL_CONVERSION = YES;
				CLANG_WARN_COMMA = YES;
				CLANG_WARN_CONSTANT_CONVERSION = YES;
				CLANG_WARN_DEPRECATED_OBJC_IMPLEMENTATIONS = YES;
				CLANG_WARN_DIRECT_OBJC_ISA_USAGE = YES_ERROR;
				CLANG_WARN_DOCUMENTATION_COMMENTS = YES;
				CLANG_WARN_EMPTY_BODY = YES;
				CLANG_WARN_ENUM_CONVERSION = YES;
				CLANG_WARN_INFINITE_RECURSION = YES;
				CLANG_WARN_INT_CONVERSION = YES;
				CLANG_WARN_NON_LITERAL_NULL_CONVERSION = YES;
				CLANG_WARN_OBJC_IMPLICIT_RETAIN_SELF = YES;
				CLANG_WARN_OBJC_LITERAL_CONVERSION = YES;
				CLANG_WARN_OBJC_ROOT_CLASS = YES_ERROR;
				CLANG_WARN_RANGE_LOOP_ANALYSIS = YES;
				CLANG_WARN_STRICT_PROTOTYPES = YES;
				CLANG_WARN_SUSPICIOUS_MOVE = YES;
				CLANG_WARN_UNGUARDED_AVAILABILITY = YES_AGGRESSIVE;
				CLANG_WARN_UNREACHABLE_CODE = YES;
				CLANG_WARN__DUPLICATE_METHOD_MATCH = YES;
				COPY_PHASE_STRIP = NO;
				DEBUG_INFORMATION_FORMAT = "dwarf-with-dsym";
				ENABLE_NS_ASSERTIONS = NO;
				ENABLE_STRICT_OBJC_MSGSEND = YES;
				GCC_C_LANGUAGE_STANDARD = gnu11;
				GCC_NO_COMMON_BLOCKS = YES;
				GCC_WARN_64_TO_32_BIT_CONVERSION = YES;
				GCC_WARN_ABOUT_RETURN_TYPE = YES_ERROR;
				GCC_WARN_UNDECLARED_SELECTOR = YES;
				GCC_WARN_UNINITIALIZED_AUTOS = YES_AGGRESSIVE;
				GCC_WARN_UNUSED_FUNCTION = YES;
				GCC_WARN_UNUSED_VARIABLE = YES;
				IPHONEOS_DEPLOYMENT_TARGET = 13.2;
				MTL_ENABLE_DEBUG_INFO = NO;
				MTL_FAST_MATH = YES;
				SDKROOT = iphoneos;
				SWIFT_COMPILATION_MODE = wholemodule;
				SWIFT_OPTIMIZATION_LEVEL = "-O";
				VALIDATE_PRODUCT = YES;
			};
			name = Release;
		};
		11E6B04723D9D00300C48FBD /* Debug */ = {
			isa = XCBuildConfiguration;
			baseConfigurationReference = 74C832AE4C47CE5E190669EA /* Pods-CameraApp.debug.xcconfig */;
			buildSettings = {
				ASSETCATALOG_COMPILER_APPICON_NAME = AppIcon;
				CODE_SIGN_STYLE = Automatic;
				INFOPLIST_FILE = CameraApp/Info.plist;
				LD_RUNPATH_SEARCH_PATHS = (
					"$(inherited)",
					"@executable_path/Frameworks",
				);
				PRODUCT_BUNDLE_IDENTIFIER = com.yoshikiapp.CameraApp;
				PRODUCT_NAME = "$(TARGET_NAME)";
				SWIFT_VERSION = 5.0;
				TARGETED_DEVICE_FAMILY = "1,2";
			};
			name = Debug;
		};
		11E6B04823D9D00300C48FBD /* Release */ = {
			isa = XCBuildConfiguration;
			baseConfigurationReference = 36D6A8BD251FEE6AB96959E6 /* Pods-CameraApp.release.xcconfig */;
			buildSettings = {
				ASSETCATALOG_COMPILER_APPICON_NAME = AppIcon;
				CODE_SIGN_STYLE = Automatic;
				INFOPLIST_FILE = CameraApp/Info.plist;
				LD_RUNPATH_SEARCH_PATHS = (
					"$(inherited)",
					"@executable_path/Frameworks",
				);
				PRODUCT_BUNDLE_IDENTIFIER = com.yoshikiapp.CameraApp;
				PRODUCT_NAME = "$(TARGET_NAME)";
				SWIFT_VERSION = 5.0;
				TARGETED_DEVICE_FAMILY = "1,2";
			};
			name = Release;
		};
/* End XCBuildConfiguration section */

/* Begin XCConfigurationList section */
		11E6B02D23D9D00100C48FBD /* Build configuration list for PBXProject "CameraApp" */ = {
			isa = XCConfigurationList;
			buildConfigurations = (
				11E6B04423D9D00300C48FBD /* Debug */,
				11E6B04523D9D00300C48FBD /* Release */,
			);
			defaultConfigurationIsVisible = 0;
			defaultConfigurationName = Release;
		};
		11E6B04623D9D00300C48FBD /* Build configuration list for PBXNativeTarget "CameraApp" */ = {
			isa = XCConfigurationList;
			buildConfigurations = (
				11E6B04723D9D00300C48FBD /* Debug */,
				11E6B04823D9D00300C48FBD /* Release */,
			);
			defaultConfigurationIsVisible = 0;
			defaultConfigurationName = Release;
		};
/* End XCConfigurationList section */
	};
	rootObject = 11E6B02A23D9D00100C48FBD /* Project object */;
}
